PODS:
  - ClusterKit/Core (0.3.3)
  - ClusterKit/Mapbox (0.3.3):
    - ClusterKit/Core
    - Mapbox-iOS-SDK (~> 4.0)
  - ClusterKit/MapKit (0.3.3):
    - ClusterKit/Core
  - GeoJSONSerialization (0.0.4)
  - GoogleMaps (2.5.0):
    - GoogleMaps/Maps (= 2.5.0)
  - GoogleMaps/Base (2.5.0)
  - GoogleMaps/Maps (2.5.0):
    - GoogleMaps/Base
  - Mapbox-iOS-SDK (4.0.2)

DEPENDENCIES:
  - ClusterKit/Mapbox (from `../.`)
  - ClusterKit/MapKit (from `../.`)
  - GeoJSONSerialization
  - GoogleMaps

SPEC REPOS:
  https://github.com/cocoapods/specs.git:
    - GeoJSONSerialization
    - GoogleMaps
    - Mapbox-iOS-SDK

EXTERNAL SOURCES:
  ClusterKit:
    :path: "../."

SPEC CHECKSUMS:
  ClusterKit: 2dc38fdb4172eeb11f5f140e38937246afe3d7a5
  GeoJSONSerialization: 55a3d24fe9af26508e3af76873114b39b13ba479
  GoogleMaps: c087b8e5dfe87ca6ebf59adb9b4894a4146bec4f
  Mapbox-iOS-SDK: 02b15b70167d54b45fdc059737672a3a68cd780f

PODFILE CHECKSUM: 8f8d060a926963ecdc82652eff001cfb4af8e2c5

COCOAPODS: 1.5.3
