PODS:
  - ClusterKit/Core (0.3.5)
  - ClusterKit/Mapbox (0.3.5):
    - ClusterKit/Core
    - Mapbox-iOS-SDK (~> 4.6)
  - ClusterKit/MapKit (0.3.5):
    - ClusterKit/Core
  - GeoJSONSerialization (0.0.4)
  - GoogleMaps (2.7.0):
    - GoogleMaps/Maps (= 2.7.0)
  - GoogleMaps/Base (2.7.0)
  - GoogleMaps/Maps (2.7.0):
    - GoogleMaps/Base
  - Mapbox-iOS-SDK (4.6.0)

DEPENDENCIES:
  - ClusterKit/Mapbox (from `../.`)
  - ClusterKit/MapKit (from `../.`)
  - GeoJSONSerialization
  - GoogleMaps

SPEC REPOS:
  https://github.com/cocoapods/specs.git:
    - GeoJSONSerialization
    - GoogleMaps
    - Mapbox-iOS-SDK

EXTERNAL SOURCES:
  ClusterKit:
    :path: "../."

SPEC CHECKSUMS:
  ClusterKit: ab57892b165beacd990f2011bec0799a375230c0
  GeoJSONSerialization: 55a3d24fe9af26508e3af76873114b39b13ba479
  GoogleMaps: f79af95cb24d869457b1f961c93d3ce8b2f3b848
  Mapbox-iOS-SDK: 204c04713477cf2a88c52c5a8eed1790eb75a02a

PODFILE CHECKSUM: 4d314c81c3a5a0c10854eed4ecab057d773c4c27

COCOAPODS: 1.5.3
